// !$*UTF8*$!
{
	archiveVersion = 1;
	classes = {
	};
	objectVersion = 56;
	objects = {

/* Begin PBXBuildFile section */
		48E408D42917B75E007443DB /* SwiftKeychainWrapper in Frameworks */ = {isa = PBXBuildFile; productRef = 48E408D32917B75E007443DB /* SwiftKeychainWrapper */; };
		CE6133F128FED07B00843A54 /* AppDelegate.swift in Sources */ = {isa = PBXBuildFile; fileRef = CE6133F028FED07B00843A54 /* AppDelegate.swift */; };
		CE6133F328FED07B00843A54 /* SceneDelegate.swift in Sources */ = {isa = PBXBuildFile; fileRef = CE6133F228FED07B00843A54 /* SceneDelegate.swift */; };
		CE6133F528FED07B00843A54 /* PeopleCollectionViewController.swift in Sources */ = {isa = PBXBuildFile; fileRef = CE6133F428FED07B00843A54 /* PeopleCollectionViewController.swift */; };
		CE6133F828FED07B00843A54 /* Main.storyboard in Resources */ = {isa = PBXBuildFile; fileRef = CE6133F628FED07B00843A54 /* Main.storyboard */; };
		CE6133FA28FED07C00843A54 /* Assets.xcassets in Resources */ = {isa = PBXBuildFile; fileRef = CE6133F928FED07C00843A54 /* Assets.xcassets */; };
		CE6133FD28FED07C00843A54 /* LaunchScreen.storyboard in Resources */ = {isa = PBXBuildFile; fileRef = CE6133FB28FED07C00843A54 /* LaunchScreen.storyboard */; };
		CE6FC88128FEDE2000963896 /* Person.swift in Sources */ = {isa = PBXBuildFile; fileRef = CE6FC88028FEDE2000963896 /* Person.swift */; };
		CECBC3C028FED6590027AA34 /* PersonCell.swift in Sources */ = {isa = PBXBuildFile; fileRef = CECBC3BF28FED6590027AA34 /* PersonCell.swift */; };
/* End PBXBuildFile section */

/* Begin PBXFileReference section */
		CE6133ED28FED07B00843A54 /* Project 10 Names to Faces.app */ = {isa = PBXFileReference; explicitFileType = wrapper.application; includeInIndex = 0; path = "Project 10 Names to Faces.app"; sourceTree = BUILT_PRODUCTS_DIR; };
		CE6133F028FED07B00843A54 /* AppDelegate.swift */ = {isa = PBXFileReference; lastKnownFileType = sourcecode.swift; path = AppDelegate.swift; sourceTree = "<group>"; };
		CE6133F228FED07B00843A54 /* SceneDelegate.swift */ = {isa = PBXFileReference; lastKnownFileType = sourcecode.swift; path = SceneDelegate.swift; sourceTree = "<group>"; };
		CE6133F428FED07B00843A54 /* PeopleCollectionViewController.swift */ = {isa = PBXFileReference; lastKnownFileType = sourcecode.swift; path = PeopleCollectionViewController.swift; sourceTree = "<group>"; };
		CE6133F728FED07B00843A54 /* Base */ = {isa = PBXFileReference; lastKnownFileType = file.storyboard; name = Base; path = Base.lproj/Main.storyboard; sourceTree = "<group>"; };
		CE6133F928FED07C00843A54 /* Assets.xcassets */ = {isa = PBXFileReference; lastKnownFileType = folder.assetcatalog; path = Assets.xcassets; sourceTree = "<group>"; };
		CE6133FC28FED07C00843A54 /* Base */ = {isa = PBXFileReference; lastKnownFileType = file.storyboard; name = Base; path = Base.lproj/LaunchScreen.storyboard; sourceTree = "<group>"; };
		CE6133FE28FED07C00843A54 /* Info.plist */ = {isa = PBXFileReference; lastKnownFileType = text.plist.xml; path = Info.plist; sourceTree = "<group>"; };
		CE6FC88028FEDE2000963896 /* Person.swift */ = {isa = PBXFileReference; lastKnownFileType = sourcecode.swift; path = Person.swift; sourceTree = "<group>"; };
		CECBC3BF28FED6590027AA34 /* PersonCell.swift */ = {isa = PBXFileReference; lastKnownFileType = sourcecode.swift; path = PersonCell.swift; sourceTree = "<group>"; };
/* End PBXFileReference section */

/* Begin PBXFrameworksBuildPhase section */
		CE6133EA28FED07B00843A54 /* Frameworks */ = {
			isa = PBXFrameworksBuildPhase;
			buildActionMask = 2147483647;
			files = (
				48E408D42917B75E007443DB /* SwiftKeychainWrapper in Frameworks */,
			);
			runOnlyForDeploymentPostprocessing = 0;
		};
/* End PBXFrameworksBuildPhase section */

/* Begin PBXGroup section */
		CE6133E428FED07B00843A54 = {
			isa = PBXGroup;
			children = (
				CE6133EF28FED07B00843A54 /* Project 10 Names to Faces */,
				CE6133EE28FED07B00843A54 /* Products */,
			);
			sourceTree = "<group>";
		};
		CE6133EE28FED07B00843A54 /* Products */ = {
			isa = PBXGroup;
			children = (
				CE6133ED28FED07B00843A54 /* Project 10 Names to Faces.app */,
			);
			name = Products;
			sourceTree = "<group>";
		};
		CE6133EF28FED07B00843A54 /* Project 10 Names to Faces */ = {
			isa = PBXGroup;
			children = (
				CE6FC87F28FED7D800963896 /* ViewControllers */,
				CE6133F028FED07B00843A54 /* AppDelegate.swift */,
				CE6FC88028FEDE2000963896 /* Person.swift */,
				CE6133F228FED07B00843A54 /* SceneDelegate.swift */,
				CE6133F628FED07B00843A54 /* Main.storyboard */,
				CE6133F928FED07C00843A54 /* Assets.xcassets */,
				CE6133FB28FED07C00843A54 /* LaunchScreen.storyboard */,
				CE6133FE28FED07C00843A54 /* Info.plist */,
			);
			path = "Project 10 Names to Faces";
			sourceTree = "<group>";
		};
		CE6FC87F28FED7D800963896 /* ViewControllers */ = {
			isa = PBXGroup;
			children = (
				CE6133F428FED07B00843A54 /* PeopleCollectionViewController.swift */,
				CECBC3BF28FED6590027AA34 /* PersonCell.swift */,
			);
			path = ViewControllers;
			sourceTree = "<group>";
		};
/* End PBXGroup section */

/* Begin PBXNativeTarget section */
		CE6133EC28FED07B00843A54 /* Project 10 Names to Faces */ = {
			isa = PBXNativeTarget;
			buildConfigurationList = CE61340128FED07C00843A54 /* Build configuration list for PBXNativeTarget "Project 10 Names to Faces" */;
			buildPhases = (
				CE6133E928FED07B00843A54 /* Sources */,
				CE6133EA28FED07B00843A54 /* Frameworks */,
				CE6133EB28FED07B00843A54 /* Resources */,
			);
			buildRules = (
			);
			dependencies = (
			);
			name = "Project 10 Names to Faces";
			packageProductDependencies = (
				48E408D32917B75E007443DB /* SwiftKeychainWrapper */,
			);
			productName = "Project 10 Names to Faces";
			productReference = CE6133ED28FED07B00843A54 /* Project 10 Names to Faces.app */;
			productType = "com.apple.product-type.application";
		};
/* End PBXNativeTarget section */

/* Begin PBXProject section */
		CE6133E528FED07B00843A54 /* Project object */ = {
			isa = PBXProject;
			attributes = {
				BuildIndependentTargetsInParallel = 1;
				LastSwiftUpdateCheck = 1400;
				LastUpgradeCheck = 1400;
				TargetAttributes = {
					CE6133EC28FED07B00843A54 = {
						CreatedOnToolsVersion = 14.0.1;
					};
				};
			};
			buildConfigurationList = CE6133E828FED07B00843A54 /* Build configuration list for PBXProject "Project 10 Names to Faces" */;
			compatibilityVersion = "Xcode 14.0";
			developmentRegion = en;
			hasScannedForEncodings = 0;
			knownRegions = (
				en,
				Base,
			);
			mainGroup = CE6133E428FED07B00843A54;
			packageReferences = (
				48E408D22917B75E007443DB /* XCRemoteSwiftPackageReference "SwiftKeychainWrapper" */,
			);
			productRefGroup = CE6133EE28FED07B00843A54 /* Products */;
			projectDirPath = "";
			projectRoot = "";
			targets = (
				CE6133EC28FED07B00843A54 /* Project 10 Names to Faces */,
			);
		};
/* End PBXProject section */

/* Begin PBXResourcesBuildPhase section */
		CE6133EB28FED07B00843A54 /* Resources */ = {
			isa = PBXResourcesBuildPhase;
			buildActionMask = 2147483647;
			files = (
				CE6133FD28FED07C00843A54 /* LaunchScreen.storyboard in Resources */,
				CE6133FA28FED07C00843A54 /* Assets.xcassets in Resources */,
				CE6133F828FED07B00843A54 /* Main.storyboard in Resources */,
			);
			runOnlyForDeploymentPostprocessing = 0;
		};
/* End PBXResourcesBuildPhase section */

/* Begin PBXSourcesBuildPhase section */
		CE6133E928FED07B00843A54 /* Sources */ = {
			isa = PBXSourcesBuildPhase;
			buildActionMask = 2147483647;
			files = (
				CE6FC88128FEDE2000963896 /* Person.swift in Sources */,
				CE6133F528FED07B00843A54 /* PeopleCollectionViewController.swift in Sources */,
				CE6133F128FED07B00843A54 /* AppDelegate.swift in Sources */,
				CECBC3C028FED6590027AA34 /* PersonCell.swift in Sources */,
				CE6133F328FED07B00843A54 /* SceneDelegate.swift in Sources */,
			);
			runOnlyForDeploymentPostprocessing = 0;
		};
/* End PBXSourcesBuildPhase section */

/* Begin PBXVariantGroup section */
		CE6133F628FED07B00843A54 /* Main.storyboard */ = {
			isa = PBXVariantGroup;
			children = (
				CE6133F728FED07B00843A54 /* Base */,
			);
			name = Main.storyboard;
			sourceTree = "<group>";
		};
		CE6133FB28FED07C00843A54 /* LaunchScreen.storyboard */ = {
			isa = PBXVariantGroup;
			children = (
				CE6133FC28FED07C00843A54 /* Base */,
			);
			name = LaunchScreen.storyboard;
			sourceTree = "<group>";
		};
/* End PBXVariantGroup section */

/* Begin XCBuildConfiguration section */
		CE6133FF28FED07C00843A54 /* Debug */ = {
			isa = XCBuildConfiguration;
			buildSettings = {
				ALWAYS_SEARCH_USER_PATHS = NO;
				CLANG_ANALYZER_NONNULL = YES;
				CLANG_ANALYZER_NUMBER_OBJECT_CONVERSION = YES_AGGRESSIVE;
				CLANG_CXX_LANGUAGE_STANDARD = "gnu++20";
				CLANG_ENABLE_MODULES = YES;
				CLANG_ENABLE_OBJC_ARC = YES;
				CLANG_ENABLE_OBJC_WEAK = YES;
				CLANG_WARN_BLOCK_CAPTURE_AUTORELEASING = YES;
				CLANG_WARN_BOOL_CONVERSION = YES;
				CLANG_WARN_COMMA = YES;
				CLANG_WARN_CONSTANT_CONVERSION = YES;
				CLANG_WARN_DEPRECATED_OBJC_IMPLEMENTATIONS = YES;
				CLANG_WARN_DIRECT_OBJC_ISA_USAGE = YES_ERROR;
				CLANG_WARN_DOCUMENTATION_COMMENTS = YES;
				CLANG_WARN_EMPTY_BODY = YES;
				CLANG_WARN_ENUM_CONVERSION = YES;
				CLANG_WARN_INFINITE_RECURSION = YES;
				CLANG_WARN_INT_CONVERSION = YES;
				CLANG_WARN_NON_LITERAL_NULL_CONVERSION = YES;
				CLANG_WARN_OBJC_IMPLICIT_RETAIN_SELF = YES;
				CLANG_WARN_OBJC_LITERAL_CONVERSION = YES;
				CLANG_WARN_OBJC_ROOT_CLASS = YES_ERROR;
				CLANG_WARN_QUOTED_INCLUDE_IN_FRAMEWORK_HEADER = YES;
				CLANG_WARN_RANGE_LOOP_ANALYSIS = YES;
				CLANG_WARN_STRICT_PROTOTYPES = YES;
				CLANG_WARN_SUSPICIOUS_MOVE = YES;
				CLANG_WARN_UNGUARDED_AVAILABILITY = YES_AGGRESSIVE;
				CLANG_WARN_UNREACHABLE_CODE = YES;
				CLANG_WARN__DUPLICATE_METHOD_MATCH = YES;
				COPY_PHASE_STRIP = NO;
				DEBUG_INFORMATION_FORMAT = dwarf;
				ENABLE_STRICT_OBJC_MSGSEND = YES;
				ENABLE_TESTABILITY = YES;
				GCC_C_LANGUAGE_STANDARD = gnu11;
				GCC_DYNAMIC_NO_PIC = NO;
				GCC_NO_COMMON_BLOCKS = YES;
				GCC_OPTIMIZATION_LEVEL = 0;
				GCC_PREPROCESSOR_DEFINITIONS = (
					"DEBUG=1",
					"$(inherited)",
				);
				GCC_WARN_64_TO_32_BIT_CONVERSION = YES;
				GCC_WARN_ABOUT_RETURN_TYPE = YES_ERROR;
				GCC_WARN_UNDECLARED_SELECTOR = YES;
				GCC_WARN_UNINITIALIZED_AUTOS = YES_AGGRESSIVE;
				GCC_WARN_UNUSED_FUNCTION = YES;
				GCC_WARN_UNUSED_VARIABLE = YES;
				IPHONEOS_DEPLOYMENT_TARGET = 16.0;
				MTL_ENABLE_DEBUG_INFO = INCLUDE_SOURCE;
				MTL_FAST_MATH = YES;
				ONLY_ACTIVE_ARCH = YES;
				SDKROOT = iphoneos;
				SWIFT_ACTIVE_COMPILATION_CONDITIONS = DEBUG;
				SWIFT_OPTIMIZATION_LEVEL = "-Onone";
			};
			name = Debug;
		};
		CE61340028FED07C00843A54 /* Release */ = {
			isa = XCBuildConfiguration;
			buildSettings = {
				ALWAYS_SEARCH_USER_PATHS = NO;
				CLANG_ANALYZER_NONNULL = YES;
				CLANG_ANALYZER_NUMBER_OBJECT_CONVERSION = YES_AGGRESSIVE;
				CLANG_CXX_LANGUAGE_STANDARD = "gnu++20";
				CLANG_ENABLE_MODULES = YES;
				CLANG_ENABLE_OBJC_ARC = YES;
				CLANG_ENABLE_OBJC_WEAK = YES;
				CLANG_WARN_BLOCK_CAPTURE_AUTORELEASING = YES;
				CLANG_WARN_BOOL_CONVERSION = YES;
				CLANG_WARN_COMMA = YES;
				CLANG_WARN_CONSTANT_CONVERSION = YES;
				CLANG_WARN_DEPRECATED_OBJC_IMPLEMENTATIONS = YES;
				CLANG_WARN_DIRECT_OBJC_ISA_USAGE = YES_ERROR;
				CLANG_WARN_DOCUMENTATION_COMMENTS = YES;
				CLANG_WARN_EMPTY_BODY = YES;
				CLANG_WARN_ENUM_CONVERSION = YES;
				CLANG_WARN_INFINITE_RECURSION = YES;
				CLANG_WARN_INT_CONVERSION = YES;
				CLANG_WARN_NON_LITERAL_NULL_CONVERSION = YES;
				CLANG_WARN_OBJC_IMPLICIT_RETAIN_SELF = YES;
				CLANG_WARN_OBJC_LITERAL_CONVERSION = YES;
				CLANG_WARN_OBJC_ROOT_CLASS = YES_ERROR;
				CLANG_WARN_QUOTED_INCLUDE_IN_FRAMEWORK_HEADER = YES;
				CLANG_WARN_RANGE_LOOP_ANALYSIS = YES;
				CLANG_WARN_STRICT_PROTOTYPES = YES;
				CLANG_WARN_SUSPICIOUS_MOVE = YES;
				CLANG_WARN_UNGUARDED_AVAILABILITY = YES_AGGRESSIVE;
				CLANG_WARN_UNREACHABLE_CODE = YES;
				CLANG_WARN__DUPLICATE_METHOD_MATCH = YES;
				COPY_PHASE_STRIP = NO;
				DEBUG_INFORMATION_FORMAT = "dwarf-with-dsym";
				ENABLE_NS_ASSERTIONS = NO;
				ENABLE_STRICT_OBJC_MSGSEND = YES;
				GCC_C_LANGUAGE_STANDARD = gnu11;
				GCC_NO_COMMON_BLOCKS = YES;
				GCC_WARN_64_TO_32_BIT_CONVERSION = YES;
				GCC_WARN_ABOUT_RETURN_TYPE = YES_ERROR;
				GCC_WARN_UNDECLARED_SELECTOR = YES;
				GCC_WARN_UNINITIALIZED_AUTOS = YES_AGGRESSIVE;
				GCC_WARN_UNUSED_FUNCTION = YES;
				GCC_WARN_UNUSED_VARIABLE = YES;
				IPHONEOS_DEPLOYMENT_TARGET = 16.0;
				MTL_ENABLE_DEBUG_INFO = NO;
				MTL_FAST_MATH = YES;
				SDKROOT = iphoneos;
				SWIFT_COMPILATION_MODE = wholemodule;
				SWIFT_OPTIMIZATION_LEVEL = "-O";
				VALIDATE_PRODUCT = YES;
			};
			name = Release;
		};
		CE61340228FED07C00843A54 /* Debug */ = {
			isa = XCBuildConfiguration;
			buildSettings = {
				ASSETCATALOG_COMPILER_APPICON_NAME = AppIcon;
				ASSETCATALOG_COMPILER_GLOBAL_ACCENT_COLOR_NAME = AccentColor;
				CODE_SIGN_STYLE = Automatic;
				CURRENT_PROJECT_VERSION = 1;
				DEVELOPMENT_TEAM = BL5X4YY2A6;
				GENERATE_INFOPLIST_FILE = YES;
				INFOPLIST_FILE = "Project 10 Names to Faces/Info.plist";
				INFOPLIST_KEY_UIApplicationSupportsIndirectInputEvents = YES;
				INFOPLIST_KEY_UILaunchStoryboardName = LaunchScreen;
				INFOPLIST_KEY_UIMainStoryboardFile = Main;
				INFOPLIST_KEY_UISupportedInterfaceOrientations_iPad = "UIInterfaceOrientationPortrait UIInterfaceOrientationPortraitUpsideDown UIInterfaceOrientationLandscapeLeft UIInterfaceOrientationLandscapeRight";
				INFOPLIST_KEY_UISupportedInterfaceOrientations_iPhone = "UIInterfaceOrientationPortrait UIInterfaceOrientationLandscapeLeft UIInterfaceOrientationLandscapeRight";
				LD_RUNPATH_SEARCH_PATHS = (
					"$(inherited)",
					"@executable_path/Frameworks",
				);
				MARKETING_VERSION = 1.0;
				PRODUCT_BUNDLE_IDENTIFIER = sirpointer.100DaysOfSwift;
				PRODUCT_NAME = "$(TARGET_NAME)";
				SWIFT_EMIT_LOC_STRINGS = YES;
				SWIFT_VERSION = 5.0;
				TARGETED_DEVICE_FAMILY = "1,2";
			};
			name = Debug;
		};
		CE61340328FED07C00843A54 /* Release */ = {
			isa = XCBuildConfiguration;
			buildSettings = {
				ASSETCATALOG_COMPILER_APPICON_NAME = AppIcon;
				ASSETCATALOG_COMPILER_GLOBAL_ACCENT_COLOR_NAME = AccentColor;
				CODE_SIGN_STYLE = Automatic;
				CURRENT_PROJECT_VERSION = 1;
				DEVELOPMENT_TEAM = BL5X4YY2A6;
				GENERATE_INFOPLIST_FILE = YES;
				INFOPLIST_FILE = "Project 10 Names to Faces/Info.plist";
				INFOPLIST_KEY_UIApplicationSupportsIndirectInputEvents = YES;
				INFOPLIST_KEY_UILaunchStoryboardName = LaunchScreen;
				INFOPLIST_KEY_UIMainStoryboardFile = Main;
				INFOPLIST_KEY_UISupportedInterfaceOrientations_iPad = "UIInterfaceOrientationPortrait UIInterfaceOrientationPortraitUpsideDown UIInterfaceOrientationLandscapeLeft UIInterfaceOrientationLandscapeRight";
				INFOPLIST_KEY_UISupportedInterfaceOrientations_iPhone = "UIInterfaceOrientationPortrait UIInterfaceOrientationLandscapeLeft UIInterfaceOrientationLandscapeRight";
				LD_RUNPATH_SEARCH_PATHS = (
					"$(inherited)",
					"@executable_path/Frameworks",
				);
				MARKETING_VERSION = 1.0;
				PRODUCT_BUNDLE_IDENTIFIER = sirpointer.100DaysOfSwift;
				PRODUCT_NAME = "$(TARGET_NAME)";
				SWIFT_EMIT_LOC_STRINGS = YES;
				SWIFT_VERSION = 5.0;
				TARGETED_DEVICE_FAMILY = "1,2";
			};
			name = Release;
		};
/* End XCBuildConfiguration section */

/* Begin XCConfigurationList section */
		CE6133E828FED07B00843A54 /* Build configuration list for PBXProject "Project 10 Names to Faces" */ = {
			isa = XCConfigurationList;
			buildConfigurations = (
				CE6133FF28FED07C00843A54 /* Debug */,
				CE61340028FED07C00843A54 /* Release */,
			);
			defaultConfigurationIsVisible = 0;
			defaultConfigurationName = Release;
		};
		CE61340128FED07C00843A54 /* Build configuration list for PBXNativeTarget "Project 10 Names to Faces" */ = {
			isa = XCConfigurationList;
			buildConfigurations = (
				CE61340228FED07C00843A54 /* Debug */,
				CE61340328FED07C00843A54 /* Release */,
			);
			defaultConfigurationIsVisible = 0;
			defaultConfigurationName = Release;
		};
/* End XCConfigurationList section */

/* Begin XCRemoteSwiftPackageReference section */
		48E408D22917B75E007443DB /* XCRemoteSwiftPackageReference "SwiftKeychainWrapper" */ = {
			isa = XCRemoteSwiftPackageReference;
			repositoryURL = "https://github.com/jrendel/SwiftKeychainWrapper";
			requirement = {
				kind = upToNextMajorVersion;
				minimumVersion = 4.0.0;
			};
		};
/* End XCRemoteSwiftPackageReference section */

/* Begin XCSwiftPackageProductDependency section */
		48E408D32917B75E007443DB /* SwiftKeychainWrapper */ = {
			isa = XCSwiftPackageProductDependency;
			package = 48E408D22917B75E007443DB /* XCRemoteSwiftPackageReference "SwiftKeychainWrapper" */;
			productName = SwiftKeychainWrapper;
		};
/* End XCSwiftPackageProductDependency section */
	};
	rootObject = CE6133E528FED07B00843A54 /* Project object */;
}
